
Microsoft Visual Studio Solution File, Format Version 12.00
# Visual Studio Version 16
VisualStudioVersion = 16.0.29102.190
MinimumVisualStudioVersion = 10.0.40219.1
Project("{FAE04EC0-301F-11D3-BF4B-00C04F79EFBC}") = "ShlomiBo.Expressed", "ShlomiBo.Expressed\ShlomiBo.Expressed.csproj", "{C8CEA8F8-EF09-421E-A297-E122FA33FACD}"
EndProject
Global
	GlobalSection(SolutionConfigurationPlatforms) = preSolution
		Debug|Any CPU = Debug|Any CPU
		Release|Any CPU = Release|Any CPU
	EndGlobalSection
	GlobalSection(ProjectConfigurationPlatforms) = postSolution
		{C8CEA8F8-EF09-421E-A297-E122FA33FACD}.Debug|Any CPU.ActiveCfg = Debug|Any CPU
		{C8CEA8F8-EF09-421E-A297-E122FA33FACD}.Debug|Any CPU.Build.0 = Debug|Any CPU
		{C8CEA8F8-EF09-421E-A297-E122FA33FACD}.Release|Any CPU.ActiveCfg = Release|Any CPU
		{C8CEA8F8-EF09-421E-A297-E122FA33FACD}.Release|Any CPU.Build.0 = Release|Any CPU
	EndGlobalSection
	GlobalSection(SolutionProperties) = preSolution
		HideSolutionNode = FALSE
	EndGlobalSection
	GlobalSection(ExtensibilityGlobals) = postSolution
		SolutionGuid = {44689BEE-FD33-47A7-9A51-D72BC3047457}
	EndGlobalSection
EndGlobal
